
Microsoft Visual Studio Solution File, Format Version 12.00
# Visual Studio Version 16
VisualStudioVersion = 16.0.31605.320
MinimumVisualStudioVersion = 10.0.40219.1
Project("{D954291E-2A0B-460D-934E-DC6B0785DB48}") = "UnoAcrylicBrushSkiaError.Shared", "UnoAcrylicBrushSkiaError.Shared\UnoAcrylicBrushSkiaError.Shared.shproj", "{6279C845-92F8-4333-AB99-3D213163593C}"
EndProject
Project("{2150E333-8FDC-42A3-9474-1A3956D46DE8}") = "Platforms", "Platforms", "{08279488-ADCD-48A5-A0E5-E96ADDC8A437}"
EndProject
Project("{FAE04EC0-301F-11D3-BF4B-00C04F79EFBC}") = "UnoAcrylicBrushSkiaError.Droid", "UnoAcrylicBrushSkiaError.Droid\UnoAcrylicBrushSkiaError.Droid.csproj", "{15F60594-A0B1-4002-8738-5ECD40B541B6}"
EndProject
Project("{FAE04EC0-301F-11D3-BF4B-00C04F79EFBC}") = "UnoAcrylicBrushSkiaError.iOS", "UnoAcrylicBrushSkiaError.iOS\UnoAcrylicBrushSkiaError.iOS.csproj", "{FC61B673-401F-448C-B834-C46E4BE036B7}"
EndProject
Project("{FAE04EC0-301F-11D3-BF4B-00C04F79EFBC}") = "UnoAcrylicBrushSkiaError.UWP", "UnoAcrylicBrushSkiaError.UWP\UnoAcrylicBrushSkiaError.UWP.csproj", "{B10D690E-C4B8-43F5-BB14-17B88FBB4DF3}"
EndProject
Project("{FAE04EC0-301F-11D3-BF4B-00C04F79EFBC}") = "UnoAcrylicBrushSkiaError.Wasm", "UnoAcrylicBrushSkiaError.Wasm\UnoAcrylicBrushSkiaError.Wasm.csproj", "{524964D2-B404-40AE-858C-A5270BF351F5}"
EndProject
Project("{FAE04EC0-301F-11D3-BF4B-00C04F79EFBC}") = "UnoAcrylicBrushSkiaError.macOS", "UnoAcrylicBrushSkiaError.macOS\UnoAcrylicBrushSkiaError.macOS.csproj", "{487606A6-7CAE-41FE-BF58-DF72918F1E4D}"
EndProject
Project("{FAE04EC0-301F-11D3-BF4B-00C04F79EFBC}") = "UnoAcrylicBrushSkiaError.Skia.Wpf.Host", "UnoAcrylicBrushSkiaError.Skia.Wpf.Host\UnoAcrylicBrushSkiaError.Skia.Wpf.Host.csproj", "{1334DD38-6AF4-4094-AB8C-EB50C83A44E7}"
EndProject
Project("{FAE04EC0-301F-11D3-BF4B-00C04F79EFBC}") = "UnoAcrylicBrushSkiaError.Skia.Wpf", "UnoAcrylicBrushSkiaError.Skia.Wpf\UnoAcrylicBrushSkiaError.Skia.Wpf.csproj", "{5D11437D-DE51-485A-AB38-1D01927A6E71}"
EndProject
Project("{FAE04EC0-301F-11D3-BF4B-00C04F79EFBC}") = "UnoAcrylicBrushSkiaError.Skia.Gtk", "UnoAcrylicBrushSkiaError.Skia.Gtk\UnoAcrylicBrushSkiaError.Skia.Gtk.csproj", "{C365883C-17E2-4630-AB8A-594B07A18E8E}"
EndProject
Project("{FAE04EC0-301F-11D3-BF4B-00C04F79EFBC}") = "UnoAcrylicBrushSkiaError.Skia.Tizen", "UnoAcrylicBrushSkiaError.Skia.Tizen\UnoAcrylicBrushSkiaError.Skia.Tizen.csproj", "{7DDB2FDF-E3E2-4C46-90F2-D46E59B8688E}"
EndProject
Global
	GlobalSection(SharedMSBuildProjectFiles) = preSolution
		UnoAcrylicBrushSkiaError.Shared\UnoAcrylicBrushSkiaError.Shared.projitems*{15f60594-a0b1-4002-8738-5ecd40b541b6}*SharedItemsImports = 4
		UnoAcrylicBrushSkiaError.Shared\UnoAcrylicBrushSkiaError.Shared.projitems*{487606a6-7cae-41fe-bf58-df72918f1e4d}*SharedItemsImports = 4
		UnoAcrylicBrushSkiaError.Shared\UnoAcrylicBrushSkiaError.Shared.projitems*{524964d2-b404-40ae-858c-a5270bf351f5}*SharedItemsImports = 5
		UnoAcrylicBrushSkiaError.Shared\UnoAcrylicBrushSkiaError.Shared.projitems*{5d11437d-de51-485a-ab38-1d01927a6e71}*SharedItemsImports = 5
		UnoAcrylicBrushSkiaError.Shared\UnoAcrylicBrushSkiaError.Shared.projitems*{6279c845-92f8-4333-ab99-3d213163593c}*SharedItemsImports = 13
		UnoAcrylicBrushSkiaError.Shared\UnoAcrylicBrushSkiaError.Shared.projitems*{7ddb2fdf-e3e2-4c46-90f2-d46e59b8688e}*SharedItemsImports = 5
		UnoAcrylicBrushSkiaError.Shared\UnoAcrylicBrushSkiaError.Shared.projitems*{b10d690e-c4b8-43f5-bb14-17b88fbb4df3}*SharedItemsImports = 4
		UnoAcrylicBrushSkiaError.Shared\UnoAcrylicBrushSkiaError.Shared.projitems*{c365883c-17e2-4630-ab8a-594b07a18e8e}*SharedItemsImports = 5
		UnoAcrylicBrushSkiaError.Shared\UnoAcrylicBrushSkiaError.Shared.projitems*{fc61b673-401f-448c-b834-c46e4be036b7}*SharedItemsImports = 4
	EndGlobalSection
	GlobalSection(SolutionConfigurationPlatforms) = preSolution
		Ad-Hoc|Any CPU = Ad-Hoc|Any CPU
		Ad-Hoc|ARM = Ad-Hoc|ARM
		Ad-Hoc|ARM64 = Ad-Hoc|ARM64
		Ad-Hoc|iPhone = Ad-Hoc|iPhone
		Ad-Hoc|iPhoneSimulator = Ad-Hoc|iPhoneSimulator
		Ad-Hoc|x64 = Ad-Hoc|x64
		Ad-Hoc|x86 = Ad-Hoc|x86
		AppStore|Any CPU = AppStore|Any CPU
		AppStore|ARM = AppStore|ARM
		AppStore|ARM64 = AppStore|ARM64
		AppStore|iPhone = AppStore|iPhone
		AppStore|iPhoneSimulator = AppStore|iPhoneSimulator
		AppStore|x64 = AppStore|x64
		AppStore|x86 = AppStore|x86
		Debug|Any CPU = Debug|Any CPU
		Debug|ARM = Debug|ARM
		Debug|ARM64 = Debug|ARM64
		Debug|iPhone = Debug|iPhone
		Debug|iPhoneSimulator = Debug|iPhoneSimulator
		Debug|x64 = Debug|x64
		Debug|x86 = Debug|x86
		Release|Any CPU = Release|Any CPU
		Release|ARM = Release|ARM
		Release|ARM64 = Release|ARM64
		Release|iPhone = Release|iPhone
		Release|iPhoneSimulator = Release|iPhoneSimulator
		Release|x64 = Release|x64
		Release|x86 = Release|x86
	EndGlobalSection
	GlobalSection(ProjectConfigurationPlatforms) = postSolution
		{15F60594-A0B1-4002-8738-5ECD40B541B6}.Ad-Hoc|Any CPU.ActiveCfg = Debug|Any CPU
		{15F60594-A0B1-4002-8738-5ECD40B541B6}.Ad-Hoc|Any CPU.Build.0 = Debug|Any CPU
		{15F60594-A0B1-4002-8738-5ECD40B541B6}.Ad-Hoc|Any CPU.Deploy.0 = Debug|Any CPU
		{15F60594-A0B1-4002-8738-5ECD40B541B6}.Ad-Hoc|ARM.ActiveCfg = Debug|Any CPU
		{15F60594-A0B1-4002-8738-5ECD40B541B6}.Ad-Hoc|ARM.Build.0 = Debug|Any CPU
		{15F60594-A0B1-4002-8738-5ECD40B541B6}.Ad-Hoc|ARM.Deploy.0 = Debug|Any CPU
		{15F60594-A0B1-4002-8738-5ECD40B541B6}.Ad-Hoc|ARM64.ActiveCfg = Debug|Any CPU
		{15F60594-A0B1-4002-8738-5ECD40B541B6}.Ad-Hoc|ARM64.Build.0 = Debug|Any CPU
		{15F60594-A0B1-4002-8738-5ECD40B541B6}.Ad-Hoc|ARM64.Deploy.0 = Debug|Any CPU
		{15F60594-A0B1-4002-8738-5ECD40B541B6}.Ad-Hoc|iPhone.ActiveCfg = Debug|Any CPU
		{15F60594-A0B1-4002-8738-5ECD40B541B6}.Ad-Hoc|iPhone.Build.0 = Debug|Any CPU
		{15F60594-A0B1-4002-8738-5ECD40B541B6}.Ad-Hoc|iPhone.Deploy.0 = Debug|Any CPU
		{15F60594-A0B1-4002-8738-5ECD40B541B6}.Ad-Hoc|iPhoneSimulator.ActiveCfg = Debug|Any CPU
		{15F60594-A0B1-4002-8738-5ECD40B541B6}.Ad-Hoc|iPhoneSimulator.Build.0 = Debug|Any CPU
		{15F60594-A0B1-4002-8738-5ECD40B541B6}.Ad-Hoc|iPhoneSimulator.Deploy.0 = Debug|Any CPU
		{15F60594-A0B1-4002-8738-5ECD40B541B6}.Ad-Hoc|x64.ActiveCfg = Debug|Any CPU
		{15F60594-A0B1-4002-8738-5ECD40B541B6}.Ad-Hoc|x64.Build.0 = Debug|Any CPU
		{15F60594-A0B1-4002-8738-5ECD40B541B6}.Ad-Hoc|x64.Deploy.0 = Debug|Any CPU
		{15F60594-A0B1-4002-8738-5ECD40B541B6}.Ad-Hoc|x86.ActiveCfg = Debug|Any CPU
		{15F60594-A0B1-4002-8738-5ECD40B541B6}.Ad-Hoc|x86.Build.0 = Debug|Any CPU
		{15F60594-A0B1-4002-8738-5ECD40B541B6}.Ad-Hoc|x86.Deploy.0 = Debug|Any CPU
		{15F60594-A0B1-4002-8738-5ECD40B541B6}.AppStore|Any CPU.ActiveCfg = Debug|Any CPU
		{15F60594-A0B1-4002-8738-5ECD40B541B6}.AppStore|Any CPU.Build.0 = Debug|Any CPU
		{15F60594-A0B1-4002-8738-5ECD40B541B6}.AppStore|Any CPU.Deploy.0 = Debug|Any CPU
		{15F60594-A0B1-4002-8738-5ECD40B541B6}.AppStore|ARM.ActiveCfg = Debug|Any CPU
		{15F60594-A0B1-4002-8738-5ECD40B541B6}.AppStore|ARM.Build.0 = Debug|Any CPU
		{15F60594-A0B1-4002-8738-5ECD40B541B6}.AppStore|ARM.Deploy.0 = Debug|Any CPU
		{15F60594-A0B1-4002-8738-5ECD40B541B6}.AppStore|ARM64.ActiveCfg = Debug|Any CPU
		{15F60594-A0B1-4002-8738-5ECD40B541B6}.AppStore|ARM64.Build.0 = Debug|Any CPU
		{15F60594-A0B1-4002-8738-5ECD40B541B6}.AppStore|ARM64.Deploy.0 = Debug|Any CPU
		{15F60594-A0B1-4002-8738-5ECD40B541B6}.AppStore|iPhone.ActiveCfg = Debug|Any CPU
		{15F60594-A0B1-4002-8738-5ECD40B541B6}.AppStore|iPhone.Build.0 = Debug|Any CPU
		{15F60594-A0B1-4002-8738-5ECD40B541B6}.AppStore|iPhone.Deploy.0 = Debug|Any CPU
		{15F60594-A0B1-4002-8738-5ECD40B541B6}.AppStore|iPhoneSimulator.ActiveCfg = Debug|Any CPU
		{15F60594-A0B1-4002-8738-5ECD40B541B6}.AppStore|iPhoneSimulator.Build.0 = Debug|Any CPU
		{15F60594-A0B1-4002-8738-5ECD40B541B6}.AppStore|iPhoneSimulator.Deploy.0 = Debug|Any CPU
		{15F60594-A0B1-4002-8738-5ECD40B541B6}.AppStore|x64.ActiveCfg = Debug|Any CPU
		{15F60594-A0B1-4002-8738-5ECD40B541B6}.AppStore|x64.Build.0 = Debug|Any CPU
		{15F60594-A0B1-4002-8738-5ECD40B541B6}.AppStore|x64.Deploy.0 = Debug|Any CPU
		{15F60594-A0B1-4002-8738-5ECD40B541B6}.AppStore|x86.ActiveCfg = Debug|Any CPU
		{15F60594-A0B1-4002-8738-5ECD40B541B6}.AppStore|x86.Build.0 = Debug|Any CPU
		{15F60594-A0B1-4002-8738-5ECD40B541B6}.AppStore|x86.Deploy.0 = Debug|Any CPU
		{15F60594-A0B1-4002-8738-5ECD40B541B6}.Debug|Any CPU.ActiveCfg = Debug|Any CPU
		{15F60594-A0B1-4002-8738-5ECD40B541B6}.Debug|Any CPU.Build.0 = Debug|Any CPU
		{15F60594-A0B1-4002-8738-5ECD40B541B6}.Debug|Any CPU.Deploy.0 = Debug|Any CPU
		{15F60594-A0B1-4002-8738-5ECD40B541B6}.Debug|ARM.ActiveCfg = Debug|Any CPU
		{15F60594-A0B1-4002-8738-5ECD40B541B6}.Debug|ARM.Build.0 = Debug|Any CPU
		{15F60594-A0B1-4002-8738-5ECD40B541B6}.Debug|ARM.Deploy.0 = Debug|Any CPU
		{15F60594-A0B1-4002-8738-5ECD40B541B6}.Debug|ARM64.ActiveCfg = Debug|Any CPU
		{15F60594-A0B1-4002-8738-5ECD40B541B6}.Debug|ARM64.Build.0 = Debug|Any CPU
		{15F60594-A0B1-4002-8738-5ECD40B541B6}.Debug|ARM64.Deploy.0 = Debug|Any CPU
		{15F60594-A0B1-4002-8738-5ECD40B541B6}.Debug|iPhone.ActiveCfg = Debug|Any CPU
		{15F60594-A0B1-4002-8738-5ECD40B541B6}.Debug|iPhone.Build.0 = Debug|Any CPU
		{15F60594-A0B1-4002-8738-5ECD40B541B6}.Debug|iPhone.Deploy.0 = Debug|Any CPU
		{15F60594-A0B1-4002-8738-5ECD40B541B6}.Debug|iPhoneSimulator.ActiveCfg = Debug|Any CPU
		{15F60594-A0B1-4002-8738-5ECD40B541B6}.Debug|iPhoneSimulator.Build.0 = Debug|Any CPU
		{15F60594-A0B1-4002-8738-5ECD40B541B6}.Debug|iPhoneSimulator.Deploy.0 = Debug|Any CPU
		{15F60594-A0B1-4002-8738-5ECD40B541B6}.Debug|x64.ActiveCfg = Debug|Any CPU
		{15F60594-A0B1-4002-8738-5ECD40B541B6}.Debug|x64.Build.0 = Debug|Any CPU
		{15F60594-A0B1-4002-8738-5ECD40B541B6}.Debug|x64.Deploy.0 = Debug|Any CPU
		{15F60594-A0B1-4002-8738-5ECD40B541B6}.Debug|x86.ActiveCfg = Debug|Any CPU
		{15F60594-A0B1-4002-8738-5ECD40B541B6}.Debug|x86.Build.0 = Debug|Any CPU
		{15F60594-A0B1-4002-8738-5ECD40B541B6}.Debug|x86.Deploy.0 = Debug|Any CPU
		{15F60594-A0B1-4002-8738-5ECD40B541B6}.Release|Any CPU.ActiveCfg = Release|Any CPU
		{15F60594-A0B1-4002-8738-5ECD40B541B6}.Release|Any CPU.Build.0 = Release|Any CPU
		{15F60594-A0B1-4002-8738-5ECD40B541B6}.Release|Any CPU.Deploy.0 = Release|Any CPU
		{15F60594-A0B1-4002-8738-5ECD40B541B6}.Release|ARM.ActiveCfg = Release|Any CPU
		{15F60594-A0B1-4002-8738-5ECD40B541B6}.Release|ARM.Build.0 = Release|Any CPU
		{15F60594-A0B1-4002-8738-5ECD40B541B6}.Release|ARM.Deploy.0 = Release|Any CPU
		{15F60594-A0B1-4002-8738-5ECD40B541B6}.Release|ARM64.ActiveCfg = Release|Any CPU
		{15F60594-A0B1-4002-8738-5ECD40B541B6}.Release|ARM64.Build.0 = Release|Any CPU
		{15F60594-A0B1-4002-8738-5ECD40B541B6}.Release|ARM64.Deploy.0 = Release|Any CPU
		{15F60594-A0B1-4002-8738-5ECD40B541B6}.Release|iPhone.ActiveCfg = Release|Any CPU
		{15F60594-A0B1-4002-8738-5ECD40B541B6}.Release|iPhone.Build.0 = Release|Any CPU
		{15F60594-A0B1-4002-8738-5ECD40B541B6}.Release|iPhone.Deploy.0 = Release|Any CPU
		{15F60594-A0B1-4002-8738-5ECD40B541B6}.Release|iPhoneSimulator.ActiveCfg = Release|Any CPU
		{15F60594-A0B1-4002-8738-5ECD40B541B6}.Release|iPhoneSimulator.Build.0 = Release|Any CPU
		{15F60594-A0B1-4002-8738-5ECD40B541B6}.Release|iPhoneSimulator.Deploy.0 = Release|Any CPU
		{15F60594-A0B1-4002-8738-5ECD40B541B6}.Release|x64.ActiveCfg = Release|Any CPU
		{15F60594-A0B1-4002-8738-5ECD40B541B6}.Release|x64.Build.0 = Release|Any CPU
		{15F60594-A0B1-4002-8738-5ECD40B541B6}.Release|x64.Deploy.0 = Release|Any CPU
		{15F60594-A0B1-4002-8738-5ECD40B541B6}.Release|x86.ActiveCfg = Release|Any CPU
		{15F60594-A0B1-4002-8738-5ECD40B541B6}.Release|x86.Build.0 = Release|Any CPU
		{15F60594-A0B1-4002-8738-5ECD40B541B6}.Release|x86.Deploy.0 = Release|Any CPU
		{FC61B673-401F-448C-B834-C46E4BE036B7}.Ad-Hoc|Any CPU.ActiveCfg = Ad-Hoc|iPhoneSimulator
		{FC61B673-401F-448C-B834-C46E4BE036B7}.Ad-Hoc|ARM.ActiveCfg = Ad-Hoc|iPhoneSimulator
		{FC61B673-401F-448C-B834-C46E4BE036B7}.Ad-Hoc|ARM64.ActiveCfg = Ad-Hoc|iPhoneSimulator
		{FC61B673-401F-448C-B834-C46E4BE036B7}.Ad-Hoc|iPhone.ActiveCfg = Ad-Hoc|iPhone
		{FC61B673-401F-448C-B834-C46E4BE036B7}.Ad-Hoc|iPhone.Build.0 = Ad-Hoc|iPhone
		{FC61B673-401F-448C-B834-C46E4BE036B7}.Ad-Hoc|iPhoneSimulator.ActiveCfg = Ad-Hoc|iPhoneSimulator
		{FC61B673-401F-448C-B834-C46E4BE036B7}.Ad-Hoc|iPhoneSimulator.Build.0 = Ad-Hoc|iPhoneSimulator
		{FC61B673-401F-448C-B834-C46E4BE036B7}.Ad-Hoc|x64.ActiveCfg = Ad-Hoc|iPhoneSimulator
		{FC61B673-401F-448C-B834-C46E4BE036B7}.Ad-Hoc|x86.ActiveCfg = Ad-Hoc|iPhoneSimulator
		{FC61B673-401F-448C-B834-C46E4BE036B7}.AppStore|Any CPU.ActiveCfg = AppStore|iPhoneSimulator
		{FC61B673-401F-448C-B834-C46E4BE036B7}.AppStore|ARM.ActiveCfg = AppStore|iPhoneSimulator
		{FC61B673-401F-448C-B834-C46E4BE036B7}.AppStore|ARM64.ActiveCfg = AppStore|iPhoneSimulator
		{FC61B673-401F-448C-B834-C46E4BE036B7}.AppStore|iPhone.ActiveCfg = AppStore|iPhone
		{FC61B673-401F-448C-B834-C46E4BE036B7}.AppStore|iPhone.Build.0 = AppStore|iPhone
		{FC61B673-401F-448C-B834-C46E4BE036B7}.AppStore|iPhoneSimulator.ActiveCfg = AppStore|iPhoneSimulator
		{FC61B673-401F-448C-B834-C46E4BE036B7}.AppStore|iPhoneSimulator.Build.0 = AppStore|iPhoneSimulator
		{FC61B673-401F-448C-B834-C46E4BE036B7}.AppStore|x64.ActiveCfg = AppStore|iPhoneSimulator
		{FC61B673-401F-448C-B834-C46E4BE036B7}.AppStore|x86.ActiveCfg = AppStore|iPhoneSimulator
		{FC61B673-401F-448C-B834-C46E4BE036B7}.Debug|Any CPU.ActiveCfg = Debug|iPhoneSimulator
		{FC61B673-401F-448C-B834-C46E4BE036B7}.Debug|ARM.ActiveCfg = Debug|iPhoneSimulator
		{FC61B673-401F-448C-B834-C46E4BE036B7}.Debug|ARM64.ActiveCfg = Debug|iPhoneSimulator
		{FC61B673-401F-448C-B834-C46E4BE036B7}.Debug|iPhone.ActiveCfg = Debug|iPhone
		{FC61B673-401F-448C-B834-C46E4BE036B7}.Debug|iPhone.Build.0 = Debug|iPhone
		{FC61B673-401F-448C-B834-C46E4BE036B7}.Debug|iPhoneSimulator.ActiveCfg = Debug|iPhoneSimulator
		{FC61B673-401F-448C-B834-C46E4BE036B7}.Debug|iPhoneSimulator.Build.0 = Debug|iPhoneSimulator
		{FC61B673-401F-448C-B834-C46E4BE036B7}.Debug|x64.ActiveCfg = Debug|iPhoneSimulator
		{FC61B673-401F-448C-B834-C46E4BE036B7}.Debug|x86.ActiveCfg = Debug|iPhoneSimulator
		{FC61B673-401F-448C-B834-C46E4BE036B7}.Release|Any CPU.ActiveCfg = Release|iPhoneSimulator
		{FC61B673-401F-448C-B834-C46E4BE036B7}.Release|ARM.ActiveCfg = Release|iPhoneSimulator
		{FC61B673-401F-448C-B834-C46E4BE036B7}.Release|ARM64.ActiveCfg = Release|iPhoneSimulator
		{FC61B673-401F-448C-B834-C46E4BE036B7}.Release|iPhone.ActiveCfg = Release|iPhone
		{FC61B673-401F-448C-B834-C46E4BE036B7}.Release|iPhone.Build.0 = Release|iPhone
		{FC61B673-401F-448C-B834-C46E4BE036B7}.Release|iPhoneSimulator.ActiveCfg = Release|iPhoneSimulator
		{FC61B673-401F-448C-B834-C46E4BE036B7}.Release|iPhoneSimulator.Build.0 = Release|iPhoneSimulator
		{FC61B673-401F-448C-B834-C46E4BE036B7}.Release|x64.ActiveCfg = Release|iPhoneSimulator
		{FC61B673-401F-448C-B834-C46E4BE036B7}.Release|x86.ActiveCfg = Release|iPhoneSimulator
		{B10D690E-C4B8-43F5-BB14-17B88FBB4DF3}.Ad-Hoc|Any CPU.ActiveCfg = Debug|x86
		{B10D690E-C4B8-43F5-BB14-17B88FBB4DF3}.Ad-Hoc|Any CPU.Build.0 = Debug|x86
		{B10D690E-C4B8-43F5-BB14-17B88FBB4DF3}.Ad-Hoc|Any CPU.Deploy.0 = Debug|x86
		{B10D690E-C4B8-43F5-BB14-17B88FBB4DF3}.Ad-Hoc|ARM.ActiveCfg = Debug|ARM
		{B10D690E-C4B8-43F5-BB14-17B88FBB4DF3}.Ad-Hoc|ARM.Build.0 = Debug|ARM
		{B10D690E-C4B8-43F5-BB14-17B88FBB4DF3}.Ad-Hoc|ARM.Deploy.0 = Debug|ARM
		{B10D690E-C4B8-43F5-BB14-17B88FBB4DF3}.Ad-Hoc|ARM64.ActiveCfg = Debug|ARM64
		{B10D690E-C4B8-43F5-BB14-17B88FBB4DF3}.Ad-Hoc|ARM64.Build.0 = Debug|ARM64
		{B10D690E-C4B8-43F5-BB14-17B88FBB4DF3}.Ad-Hoc|ARM64.Deploy.0 = Debug|ARM64
		{B10D690E-C4B8-43F5-BB14-17B88FBB4DF3}.Ad-Hoc|iPhone.ActiveCfg = Debug|x86
		{B10D690E-C4B8-43F5-BB14-17B88FBB4DF3}.Ad-Hoc|iPhone.Build.0 = Debug|x86
		{B10D690E-C4B8-43F5-BB14-17B88FBB4DF3}.Ad-Hoc|iPhone.Deploy.0 = Debug|x86
		{B10D690E-C4B8-43F5-BB14-17B88FBB4DF3}.Ad-Hoc|iPhoneSimulator.ActiveCfg = Debug|x86
		{B10D690E-C4B8-43F5-BB14-17B88FBB4DF3}.Ad-Hoc|iPhoneSimulator.Build.0 = Debug|x86
		{B10D690E-C4B8-43F5-BB14-17B88FBB4DF3}.Ad-Hoc|iPhoneSimulator.Deploy.0 = Debug|x86
		{B10D690E-C4B8-43F5-BB14-17B88FBB4DF3}.Ad-Hoc|x64.ActiveCfg = Debug|x64
		{B10D690E-C4B8-43F5-BB14-17B88FBB4DF3}.Ad-Hoc|x64.Build.0 = Debug|x64
		{B10D690E-C4B8-43F5-BB14-17B88FBB4DF3}.Ad-Hoc|x64.Deploy.0 = Debug|x64
		{B10D690E-C4B8-43F5-BB14-17B88FBB4DF3}.Ad-Hoc|x86.ActiveCfg = Debug|x86
		{B10D690E-C4B8-43F5-BB14-17B88FBB4DF3}.Ad-Hoc|x86.Build.0 = Debug|x86
		{B10D690E-C4B8-43F5-BB14-17B88FBB4DF3}.Ad-Hoc|x86.Deploy.0 = Debug|x86
		{B10D690E-C4B8-43F5-BB14-17B88FBB4DF3}.AppStore|Any CPU.ActiveCfg = Debug|x86
		{B10D690E-C4B8-43F5-BB14-17B88FBB4DF3}.AppStore|Any CPU.Build.0 = Debug|x86
		{B10D690E-C4B8-43F5-BB14-17B88FBB4DF3}.AppStore|Any CPU.Deploy.0 = Debug|x86
		{B10D690E-C4B8-43F5-BB14-17B88FBB4DF3}.AppStore|ARM.ActiveCfg = Debug|ARM
		{B10D690E-C4B8-43F5-BB14-17B88FBB4DF3}.AppStore|ARM.Build.0 = Debug|ARM
		{B10D690E-C4B8-43F5-BB14-17B88FBB4DF3}.AppStore|ARM.Deploy.0 = Debug|ARM
		{B10D690E-C4B8-43F5-BB14-17B88FBB4DF3}.AppStore|ARM64.ActiveCfg = Debug|ARM64
		{B10D690E-C4B8-43F5-BB14-17B88FBB4DF3}.AppStore|ARM64.Build.0 = Debug|ARM64
		{B10D690E-C4B8-43F5-BB14-17B88FBB4DF3}.AppStore|ARM64.Deploy.0 = Debug|ARM64
		{B10D690E-C4B8-43F5-BB14-17B88FBB4DF3}.AppStore|iPhone.ActiveCfg = Debug|x86
		{B10D690E-C4B8-43F5-BB14-17B88FBB4DF3}.AppStore|iPhone.Build.0 = Debug|x86
		{B10D690E-C4B8-43F5-BB14-17B88FBB4DF3}.AppStore|iPhone.Deploy.0 = Debug|x86
		{B10D690E-C4B8-43F5-BB14-17B88FBB4DF3}.AppStore|iPhoneSimulator.ActiveCfg = Debug|x86
		{B10D690E-C4B8-43F5-BB14-17B88FBB4DF3}.AppStore|iPhoneSimulator.Build.0 = Debug|x86
		{B10D690E-C4B8-43F5-BB14-17B88FBB4DF3}.AppStore|iPhoneSimulator.Deploy.0 = Debug|x86
		{B10D690E-C4B8-43F5-BB14-17B88FBB4DF3}.AppStore|x64.ActiveCfg = Debug|x64
		{B10D690E-C4B8-43F5-BB14-17B88FBB4DF3}.AppStore|x64.Build.0 = Debug|x64
		{B10D690E-C4B8-43F5-BB14-17B88FBB4DF3}.AppStore|x64.Deploy.0 = Debug|x64
		{B10D690E-C4B8-43F5-BB14-17B88FBB4DF3}.AppStore|x86.ActiveCfg = Debug|x86
		{B10D690E-C4B8-43F5-BB14-17B88FBB4DF3}.AppStore|x86.Build.0 = Debug|x86
		{B10D690E-C4B8-43F5-BB14-17B88FBB4DF3}.AppStore|x86.Deploy.0 = Debug|x86
		{B10D690E-C4B8-43F5-BB14-17B88FBB4DF3}.Debug|Any CPU.ActiveCfg = Debug|x86
		{B10D690E-C4B8-43F5-BB14-17B88FBB4DF3}.Debug|Any CPU.Build.0 = Debug|x86
		{B10D690E-C4B8-43F5-BB14-17B88FBB4DF3}.Debug|Any CPU.Deploy.0 = Debug|x86
		{B10D690E-C4B8-43F5-BB14-17B88FBB4DF3}.Debug|ARM.ActiveCfg = Debug|ARM
		{B10D690E-C4B8-43F5-BB14-17B88FBB4DF3}.Debug|ARM.Build.0 = Debug|ARM
		{B10D690E-C4B8-43F5-BB14-17B88FBB4DF3}.Debug|ARM.Deploy.0 = Debug|ARM
		{B10D690E-C4B8-43F5-BB14-17B88FBB4DF3}.Debug|ARM64.ActiveCfg = Debug|ARM64
		{B10D690E-C4B8-43F5-BB14-17B88FBB4DF3}.Debug|ARM64.Build.0 = Debug|ARM64
		{B10D690E-C4B8-43F5-BB14-17B88FBB4DF3}.Debug|ARM64.Deploy.0 = Debug|ARM64
		{B10D690E-C4B8-43F5-BB14-17B88FBB4DF3}.Debug|iPhone.ActiveCfg = Debug|x86
		{B10D690E-C4B8-43F5-BB14-17B88FBB4DF3}.Debug|iPhoneSimulator.ActiveCfg = Debug|x86
		{B10D690E-C4B8-43F5-BB14-17B88FBB4DF3}.Debug|x64.ActiveCfg = Debug|x64
		{B10D690E-C4B8-43F5-BB14-17B88FBB4DF3}.Debug|x64.Build.0 = Debug|x64
		{B10D690E-C4B8-43F5-BB14-17B88FBB4DF3}.Debug|x64.Deploy.0 = Debug|x64
		{B10D690E-C4B8-43F5-BB14-17B88FBB4DF3}.Debug|x86.ActiveCfg = Debug|x86
		{B10D690E-C4B8-43F5-BB14-17B88FBB4DF3}.Debug|x86.Build.0 = Debug|x86
		{B10D690E-C4B8-43F5-BB14-17B88FBB4DF3}.Debug|x86.Deploy.0 = Debug|x86
		{B10D690E-C4B8-43F5-BB14-17B88FBB4DF3}.Release|Any CPU.ActiveCfg = Release|x86
		{B10D690E-C4B8-43F5-BB14-17B88FBB4DF3}.Release|ARM.ActiveCfg = Release|ARM
		{B10D690E-C4B8-43F5-BB14-17B88FBB4DF3}.Release|ARM.Build.0 = Release|ARM
		{B10D690E-C4B8-43F5-BB14-17B88FBB4DF3}.Release|ARM.Deploy.0 = Release|ARM
		{B10D690E-C4B8-43F5-BB14-17B88FBB4DF3}.Release|ARM64.ActiveCfg = Release|ARM64
		{B10D690E-C4B8-43F5-BB14-17B88FBB4DF3}.Release|ARM64.Build.0 = Release|ARM64
		{B10D690E-C4B8-43F5-BB14-17B88FBB4DF3}.Release|ARM64.Deploy.0 = Release|ARM64
		{B10D690E-C4B8-43F5-BB14-17B88FBB4DF3}.Release|iPhone.ActiveCfg = Release|x86
		{B10D690E-C4B8-43F5-BB14-17B88FBB4DF3}.Release|iPhoneSimulator.ActiveCfg = Release|x86
		{B10D690E-C4B8-43F5-BB14-17B88FBB4DF3}.Release|x64.ActiveCfg = Release|x64
		{B10D690E-C4B8-43F5-BB14-17B88FBB4DF3}.Release|x64.Build.0 = Release|x64
		{B10D690E-C4B8-43F5-BB14-17B88FBB4DF3}.Release|x64.Deploy.0 = Release|x64
		{B10D690E-C4B8-43F5-BB14-17B88FBB4DF3}.Release|x86.ActiveCfg = Release|x86
		{B10D690E-C4B8-43F5-BB14-17B88FBB4DF3}.Release|x86.Build.0 = Release|x86
		{B10D690E-C4B8-43F5-BB14-17B88FBB4DF3}.Release|x86.Deploy.0 = Release|x86
		{524964D2-B404-40AE-858C-A5270BF351F5}.Ad-Hoc|Any CPU.ActiveCfg = Debug|Any CPU
		{524964D2-B404-40AE-858C-A5270BF351F5}.Ad-Hoc|Any CPU.Build.0 = Debug|Any CPU
		{524964D2-B404-40AE-858C-A5270BF351F5}.Ad-Hoc|ARM.ActiveCfg = Debug|Any CPU
		{524964D2-B404-40AE-858C-A5270BF351F5}.Ad-Hoc|ARM.Build.0 = Debug|Any CPU
		{524964D2-B404-40AE-858C-A5270BF351F5}.Ad-Hoc|ARM64.ActiveCfg = Debug|Any CPU
		{524964D2-B404-40AE-858C-A5270BF351F5}.Ad-Hoc|ARM64.Build.0 = Debug|Any CPU
		{524964D2-B404-40AE-858C-A5270BF351F5}.Ad-Hoc|iPhone.ActiveCfg = Debug|Any CPU
		{524964D2-B404-40AE-858C-A5270BF351F5}.Ad-Hoc|iPhone.Build.0 = Debug|Any CPU
		{524964D2-B404-40AE-858C-A5270BF351F5}.Ad-Hoc|iPhoneSimulator.ActiveCfg = Debug|Any CPU
		{524964D2-B404-40AE-858C-A5270BF351F5}.Ad-Hoc|iPhoneSimulator.Build.0 = Debug|Any CPU
		{524964D2-B404-40AE-858C-A5270BF351F5}.Ad-Hoc|x64.ActiveCfg = Debug|Any CPU
		{524964D2-B404-40AE-858C-A5270BF351F5}.Ad-Hoc|x64.Build.0 = Debug|Any CPU
		{524964D2-B404-40AE-858C-A5270BF351F5}.Ad-Hoc|x86.ActiveCfg = Debug|Any CPU
		{524964D2-B404-40AE-858C-A5270BF351F5}.Ad-Hoc|x86.Build.0 = Debug|Any CPU
		{524964D2-B404-40AE-858C-A5270BF351F5}.AppStore|Any CPU.ActiveCfg = Debug|Any CPU
		{524964D2-B404-40AE-858C-A5270BF351F5}.AppStore|Any CPU.Build.0 = Debug|Any CPU
		{524964D2-B404-40AE-858C-A5270BF351F5}.AppStore|ARM.ActiveCfg = Debug|Any CPU
		{524964D2-B404-40AE-858C-A5270BF351F5}.AppStore|ARM.Build.0 = Debug|Any CPU
		{524964D2-B404-40AE-858C-A5270BF351F5}.AppStore|ARM64.ActiveCfg = Debug|Any CPU
		{524964D2-B404-40AE-858C-A5270BF351F5}.AppStore|ARM64.Build.0 = Debug|Any CPU
		{524964D2-B404-40AE-858C-A5270BF351F5}.AppStore|iPhone.ActiveCfg = Debug|Any CPU
		{524964D2-B404-40AE-858C-A5270BF351F5}.AppStore|iPhone.Build.0 = Debug|Any CPU
		{524964D2-B404-40AE-858C-A5270BF351F5}.AppStore|iPhoneSimulator.ActiveCfg = Debug|Any CPU
		{524964D2-B404-40AE-858C-A5270BF351F5}.AppStore|iPhoneSimulator.Build.0 = Debug|Any CPU
		{524964D2-B404-40AE-858C-A5270BF351F5}.AppStore|x64.ActiveCfg = Debug|Any CPU
		{524964D2-B404-40AE-858C-A5270BF351F5}.AppStore|x64.Build.0 = Debug|Any CPU
		{524964D2-B404-40AE-858C-A5270BF351F5}.AppStore|x86.ActiveCfg = Debug|Any CPU
		{524964D2-B404-40AE-858C-A5270BF351F5}.AppStore|x86.Build.0 = Debug|Any CPU
		{524964D2-B404-40AE-858C-A5270BF351F5}.Debug|Any CPU.ActiveCfg = Debug|Any CPU
		{524964D2-B404-40AE-858C-A5270BF351F5}.Debug|Any CPU.Build.0 = Debug|Any CPU
		{524964D2-B404-40AE-858C-A5270BF351F5}.Debug|ARM.ActiveCfg = Debug|Any CPU
		{524964D2-B404-40AE-858C-A5270BF351F5}.Debug|ARM.Build.0 = Debug|Any CPU
		{524964D2-B404-40AE-858C-A5270BF351F5}.Debug|ARM64.ActiveCfg = Debug|Any CPU
		{524964D2-B404-40AE-858C-A5270BF351F5}.Debug|ARM64.Build.0 = Debug|Any CPU
		{524964D2-B404-40AE-858C-A5270BF351F5}.Debug|iPhone.ActiveCfg = Debug|Any CPU
		{524964D2-B404-40AE-858C-A5270BF351F5}.Debug|iPhone.Build.0 = Debug|Any CPU
		{524964D2-B404-40AE-858C-A5270BF351F5}.Debug|iPhoneSimulator.ActiveCfg = Debug|Any CPU
		{524964D2-B404-40AE-858C-A5270BF351F5}.Debug|iPhoneSimulator.Build.0 = Debug|Any CPU
		{524964D2-B404-40AE-858C-A5270BF351F5}.Debug|x64.ActiveCfg = Debug|Any CPU
		{524964D2-B404-40AE-858C-A5270BF351F5}.Debug|x64.Build.0 = Debug|Any CPU
		{524964D2-B404-40AE-858C-A5270BF351F5}.Debug|x86.ActiveCfg = Debug|Any CPU
		{524964D2-B404-40AE-858C-A5270BF351F5}.Debug|x86.Build.0 = Debug|Any CPU
		{524964D2-B404-40AE-858C-A5270BF351F5}.Release|Any CPU.ActiveCfg = Release|Any CPU
		{524964D2-B404-40AE-858C-A5270BF351F5}.Release|Any CPU.Build.0 = Release|Any CPU
		{524964D2-B404-40AE-858C-A5270BF351F5}.Release|ARM.ActiveCfg = Release|Any CPU
		{524964D2-B404-40AE-858C-A5270BF351F5}.Release|ARM.Build.0 = Release|Any CPU
		{524964D2-B404-40AE-858C-A5270BF351F5}.Release|ARM64.ActiveCfg = Release|Any CPU
		{524964D2-B404-40AE-858C-A5270BF351F5}.Release|ARM64.Build.0 = Release|Any CPU
		{524964D2-B404-40AE-858C-A5270BF351F5}.Release|iPhone.ActiveCfg = Release|Any CPU
		{524964D2-B404-40AE-858C-A5270BF351F5}.Release|iPhone.Build.0 = Release|Any CPU
		{524964D2-B404-40AE-858C-A5270BF351F5}.Release|iPhoneSimulator.ActiveCfg = Release|Any CPU
		{524964D2-B404-40AE-858C-A5270BF351F5}.Release|iPhoneSimulator.Build.0 = Release|Any CPU
		{524964D2-B404-40AE-858C-A5270BF351F5}.Release|x64.ActiveCfg = Release|Any CPU
		{524964D2-B404-40AE-858C-A5270BF351F5}.Release|x64.Build.0 = Release|Any CPU
		{524964D2-B404-40AE-858C-A5270BF351F5}.Release|x86.ActiveCfg = Release|Any CPU
		{524964D2-B404-40AE-858C-A5270BF351F5}.Release|x86.Build.0 = Release|Any CPU
		{487606A6-7CAE-41FE-BF58-DF72918F1E4D}.Ad-Hoc|Any CPU.ActiveCfg = Debug|iPhoneSimulator
		{487606A6-7CAE-41FE-BF58-DF72918F1E4D}.Ad-Hoc|Any CPU.Build.0 = Debug|iPhoneSimulator
		{487606A6-7CAE-41FE-BF58-DF72918F1E4D}.Ad-Hoc|ARM.ActiveCfg = Debug|iPhoneSimulator
		{487606A6-7CAE-41FE-BF58-DF72918F1E4D}.Ad-Hoc|ARM.Build.0 = Debug|iPhoneSimulator
		{487606A6-7CAE-41FE-BF58-DF72918F1E4D}.Ad-Hoc|ARM64.ActiveCfg = Debug|iPhoneSimulator
		{487606A6-7CAE-41FE-BF58-DF72918F1E4D}.Ad-Hoc|ARM64.Build.0 = Debug|iPhoneSimulator
		{487606A6-7CAE-41FE-BF58-DF72918F1E4D}.Ad-Hoc|iPhone.ActiveCfg = Debug|iPhoneSimulator
		{487606A6-7CAE-41FE-BF58-DF72918F1E4D}.Ad-Hoc|iPhone.Build.0 = Debug|iPhoneSimulator
		{487606A6-7CAE-41FE-BF58-DF72918F1E4D}.Ad-Hoc|iPhoneSimulator.ActiveCfg = Debug|iPhoneSimulator
		{487606A6-7CAE-41FE-BF58-DF72918F1E4D}.Ad-Hoc|iPhoneSimulator.Build.0 = Debug|iPhoneSimulator
		{487606A6-7CAE-41FE-BF58-DF72918F1E4D}.Ad-Hoc|x64.ActiveCfg = Debug|iPhoneSimulator
		{487606A6-7CAE-41FE-BF58-DF72918F1E4D}.Ad-Hoc|x64.Build.0 = Debug|iPhoneSimulator
		{487606A6-7CAE-41FE-BF58-DF72918F1E4D}.Ad-Hoc|x86.ActiveCfg = Debug|iPhoneSimulator
		{487606A6-7CAE-41FE-BF58-DF72918F1E4D}.Ad-Hoc|x86.Build.0 = Debug|iPhoneSimulator
		{487606A6-7CAE-41FE-BF58-DF72918F1E4D}.AppStore|Any CPU.ActiveCfg = Debug|iPhoneSimulator
		{487606A6-7CAE-41FE-BF58-DF72918F1E4D}.AppStore|Any CPU.Build.0 = Debug|iPhoneSimulator
		{487606A6-7CAE-41FE-BF58-DF72918F1E4D}.AppStore|ARM.ActiveCfg = Debug|iPhoneSimulator
		{487606A6-7CAE-41FE-BF58-DF72918F1E4D}.AppStore|ARM.Build.0 = Debug|iPhoneSimulator
		{487606A6-7CAE-41FE-BF58-DF72918F1E4D}.AppStore|ARM64.ActiveCfg = Debug|iPhoneSimulator
		{487606A6-7CAE-41FE-BF58-DF72918F1E4D}.AppStore|ARM64.Build.0 = Debug|iPhoneSimulator
		{487606A6-7CAE-41FE-BF58-DF72918F1E4D}.AppStore|iPhone.ActiveCfg = Debug|iPhoneSimulator
		{487606A6-7CAE-41FE-BF58-DF72918F1E4D}.AppStore|iPhone.Build.0 = Debug|iPhoneSimulator
		{487606A6-7CAE-41FE-BF58-DF72918F1E4D}.AppStore|iPhoneSimulator.ActiveCfg = Debug|iPhoneSimulator
		{487606A6-7CAE-41FE-BF58-DF72918F1E4D}.AppStore|iPhoneSimulator.Build.0 = Debug|iPhoneSimulator
		{487606A6-7CAE-41FE-BF58-DF72918F1E4D}.AppStore|x64.ActiveCfg = Debug|iPhoneSimulator
		{487606A6-7CAE-41FE-BF58-DF72918F1E4D}.AppStore|x64.Build.0 = Debug|iPhoneSimulator
		{487606A6-7CAE-41FE-BF58-DF72918F1E4D}.AppStore|x86.ActiveCfg = Debug|iPhoneSimulator
		{487606A6-7CAE-41FE-BF58-DF72918F1E4D}.AppStore|x86.Build.0 = Debug|iPhoneSimulator
		{487606A6-7CAE-41FE-BF58-DF72918F1E4D}.Debug|Any CPU.ActiveCfg = Debug|iPhoneSimulator
		{487606A6-7CAE-41FE-BF58-DF72918F1E4D}.Debug|ARM.ActiveCfg = Debug|iPhoneSimulator
		{487606A6-7CAE-41FE-BF58-DF72918F1E4D}.Debug|ARM64.ActiveCfg = Debug|iPhoneSimulator
		{487606A6-7CAE-41FE-BF58-DF72918F1E4D}.Debug|iPhone.ActiveCfg = Debug|iPhoneSimulator
		{487606A6-7CAE-41FE-BF58-DF72918F1E4D}.Debug|iPhoneSimulator.ActiveCfg = Debug|iPhoneSimulator
		{487606A6-7CAE-41FE-BF58-DF72918F1E4D}.Debug|iPhoneSimulator.Build.0 = Debug|iPhoneSimulator
		{487606A6-7CAE-41FE-BF58-DF72918F1E4D}.Debug|x64.ActiveCfg = Debug|iPhoneSimulator
		{487606A6-7CAE-41FE-BF58-DF72918F1E4D}.Debug|x86.ActiveCfg = Debug|iPhoneSimulator
		{487606A6-7CAE-41FE-BF58-DF72918F1E4D}.Release|Any CPU.ActiveCfg = Release|iPhoneSimulator
		{487606A6-7CAE-41FE-BF58-DF72918F1E4D}.Release|ARM.ActiveCfg = Release|iPhoneSimulator
		{487606A6-7CAE-41FE-BF58-DF72918F1E4D}.Release|ARM64.ActiveCfg = Release|iPhoneSimulator
		{487606A6-7CAE-41FE-BF58-DF72918F1E4D}.Release|iPhone.ActiveCfg = Release|iPhoneSimulator
		{487606A6-7CAE-41FE-BF58-DF72918F1E4D}.Release|iPhoneSimulator.ActiveCfg = Release|iPhoneSimulator
		{487606A6-7CAE-41FE-BF58-DF72918F1E4D}.Release|iPhoneSimulator.Build.0 = Release|iPhoneSimulator
		{487606A6-7CAE-41FE-BF58-DF72918F1E4D}.Release|x64.ActiveCfg = Release|iPhoneSimulator
		{487606A6-7CAE-41FE-BF58-DF72918F1E4D}.Release|x86.ActiveCfg = Release|iPhoneSimulator
		{1334DD38-6AF4-4094-AB8C-EB50C83A44E7}.Ad-Hoc|Any CPU.ActiveCfg = Debug|Any CPU
		{1334DD38-6AF4-4094-AB8C-EB50C83A44E7}.Ad-Hoc|Any CPU.Build.0 = Debug|Any CPU
		{1334DD38-6AF4-4094-AB8C-EB50C83A44E7}.Ad-Hoc|ARM.ActiveCfg = Debug|Any CPU
		{1334DD38-6AF4-4094-AB8C-EB50C83A44E7}.Ad-Hoc|ARM.Build.0 = Debug|Any CPU
		{1334DD38-6AF4-4094-AB8C-EB50C83A44E7}.Ad-Hoc|ARM64.ActiveCfg = Debug|Any CPU
		{1334DD38-6AF4-4094-AB8C-EB50C83A44E7}.Ad-Hoc|ARM64.Build.0 = Debug|Any CPU
		{1334DD38-6AF4-4094-AB8C-EB50C83A44E7}.Ad-Hoc|iPhone.ActiveCfg = Debug|Any CPU
		{1334DD38-6AF4-4094-AB8C-EB50C83A44E7}.Ad-Hoc|iPhone.Build.0 = Debug|Any CPU
		{1334DD38-6AF4-4094-AB8C-EB50C83A44E7}.Ad-Hoc|iPhoneSimulator.ActiveCfg = Debug|Any CPU
		{1334DD38-6AF4-4094-AB8C-EB50C83A44E7}.Ad-Hoc|iPhoneSimulator.Build.0 = Debug|Any CPU
		{1334DD38-6AF4-4094-AB8C-EB50C83A44E7}.Ad-Hoc|x64.ActiveCfg = Debug|Any CPU
		{1334DD38-6AF4-4094-AB8C-EB50C83A44E7}.Ad-Hoc|x64.Build.0 = Debug|Any CPU
		{1334DD38-6AF4-4094-AB8C-EB50C83A44E7}.Ad-Hoc|x86.ActiveCfg = Debug|Any CPU
		{1334DD38-6AF4-4094-AB8C-EB50C83A44E7}.Ad-Hoc|x86.Build.0 = Debug|Any CPU
		{1334DD38-6AF4-4094-AB8C-EB50C83A44E7}.AppStore|Any CPU.ActiveCfg = Debug|Any CPU
		{1334DD38-6AF4-4094-AB8C-EB50C83A44E7}.AppStore|Any CPU.Build.0 = Debug|Any CPU
		{1334DD38-6AF4-4094-AB8C-EB50C83A44E7}.AppStore|ARM.ActiveCfg = Debug|Any CPU
		{1334DD38-6AF4-4094-AB8C-EB50C83A44E7}.AppStore|ARM.Build.0 = Debug|Any CPU
		{1334DD38-6AF4-4094-AB8C-EB50C83A44E7}.AppStore|ARM64.ActiveCfg = Debug|Any CPU
		{1334DD38-6AF4-4094-AB8C-EB50C83A44E7}.AppStore|ARM64.Build.0 = Debug|Any CPU
		{1334DD38-6AF4-4094-AB8C-EB50C83A44E7}.AppStore|iPhone.ActiveCfg = Debug|Any CPU
		{1334DD38-6AF4-4094-AB8C-EB50C83A44E7}.AppStore|iPhone.Build.0 = Debug|Any CPU
		{1334DD38-6AF4-4094-AB8C-EB50C83A44E7}.AppStore|iPhoneSimulator.ActiveCfg = Debug|Any CPU
		{1334DD38-6AF4-4094-AB8C-EB50C83A44E7}.AppStore|iPhoneSimulator.Build.0 = Debug|Any CPU
		{1334DD38-6AF4-4094-AB8C-EB50C83A44E7}.AppStore|x64.ActiveCfg = Debug|Any CPU
		{1334DD38-6AF4-4094-AB8C-EB50C83A44E7}.AppStore|x64.Build.0 = Debug|Any CPU
		{1334DD38-6AF4-4094-AB8C-EB50C83A44E7}.AppStore|x86.ActiveCfg = Debug|Any CPU
		{1334DD38-6AF4-4094-AB8C-EB50C83A44E7}.AppStore|x86.Build.0 = Debug|Any CPU
		{1334DD38-6AF4-4094-AB8C-EB50C83A44E7}.Debug|Any CPU.ActiveCfg = Debug|Any CPU
		{1334DD38-6AF4-4094-AB8C-EB50C83A44E7}.Debug|Any CPU.Build.0 = Debug|Any CPU
		{1334DD38-6AF4-4094-AB8C-EB50C83A44E7}.Debug|ARM.ActiveCfg = Debug|Any CPU
		{1334DD38-6AF4-4094-AB8C-EB50C83A44E7}.Debug|ARM.Build.0 = Debug|Any CPU
		{1334DD38-6AF4-4094-AB8C-EB50C83A44E7}.Debug|ARM64.ActiveCfg = Debug|Any CPU
		{1334DD38-6AF4-4094-AB8C-EB50C83A44E7}.Debug|ARM64.Build.0 = Debug|Any CPU
		{1334DD38-6AF4-4094-AB8C-EB50C83A44E7}.Debug|iPhone.ActiveCfg = Debug|Any CPU
		{1334DD38-6AF4-4094-AB8C-EB50C83A44E7}.Debug|iPhone.Build.0 = Debug|Any CPU
		{1334DD38-6AF4-4094-AB8C-EB50C83A44E7}.Debug|iPhoneSimulator.ActiveCfg = Debug|Any CPU
		{1334DD38-6AF4-4094-AB8C-EB50C83A44E7}.Debug|iPhoneSimulator.Build.0 = Debug|Any CPU
		{1334DD38-6AF4-4094-AB8C-EB50C83A44E7}.Debug|x64.ActiveCfg = Debug|Any CPU
		{1334DD38-6AF4-4094-AB8C-EB50C83A44E7}.Debug|x64.Build.0 = Debug|Any CPU
		{1334DD38-6AF4-4094-AB8C-EB50C83A44E7}.Debug|x86.ActiveCfg = Debug|Any CPU
		{1334DD38-6AF4-4094-AB8C-EB50C83A44E7}.Debug|x86.Build.0 = Debug|Any CPU
		{1334DD38-6AF4-4094-AB8C-EB50C83A44E7}.Release|Any CPU.ActiveCfg = Release|Any CPU
		{1334DD38-6AF4-4094-AB8C-EB50C83A44E7}.Release|Any CPU.Build.0 = Release|Any CPU
		{1334DD38-6AF4-4094-AB8C-EB50C83A44E7}.Release|ARM.ActiveCfg = Release|Any CPU
		{1334DD38-6AF4-4094-AB8C-EB50C83A44E7}.Release|ARM.Build.0 = Release|Any CPU
		{1334DD38-6AF4-4094-AB8C-EB50C83A44E7}.Release|ARM64.ActiveCfg = Release|Any CPU
		{1334DD38-6AF4-4094-AB8C-EB50C83A44E7}.Release|ARM64.Build.0 = Release|Any CPU
		{1334DD38-6AF4-4094-AB8C-EB50C83A44E7}.Release|iPhone.ActiveCfg = Release|Any CPU
		{1334DD38-6AF4-4094-AB8C-EB50C83A44E7}.Release|iPhone.Build.0 = Release|Any CPU
		{1334DD38-6AF4-4094-AB8C-EB50C83A44E7}.Release|iPhoneSimulator.ActiveCfg = Release|Any CPU
		{1334DD38-6AF4-4094-AB8C-EB50C83A44E7}.Release|iPhoneSimulator.Build.0 = Release|Any CPU
		{1334DD38-6AF4-4094-AB8C-EB50C83A44E7}.Release|x64.ActiveCfg = Release|Any CPU
		{1334DD38-6AF4-4094-AB8C-EB50C83A44E7}.Release|x64.Build.0 = Release|Any CPU
		{1334DD38-6AF4-4094-AB8C-EB50C83A44E7}.Release|x86.ActiveCfg = Release|Any CPU
		{1334DD38-6AF4-4094-AB8C-EB50C83A44E7}.Release|x86.Build.0 = Release|Any CPU
		{5D11437D-DE51-485A-AB38-1D01927A6E71}.Ad-Hoc|Any CPU.ActiveCfg = Debug|Any CPU
		{5D11437D-DE51-485A-AB38-1D01927A6E71}.Ad-Hoc|Any CPU.Build.0 = Debug|Any CPU
		{5D11437D-DE51-485A-AB38-1D01927A6E71}.Ad-Hoc|ARM.ActiveCfg = Debug|Any CPU
		{5D11437D-DE51-485A-AB38-1D01927A6E71}.Ad-Hoc|ARM.Build.0 = Debug|Any CPU
		{5D11437D-DE51-485A-AB38-1D01927A6E71}.Ad-Hoc|ARM64.ActiveCfg = Debug|Any CPU
		{5D11437D-DE51-485A-AB38-1D01927A6E71}.Ad-Hoc|ARM64.Build.0 = Debug|Any CPU
		{5D11437D-DE51-485A-AB38-1D01927A6E71}.Ad-Hoc|iPhone.ActiveCfg = Debug|Any CPU
		{5D11437D-DE51-485A-AB38-1D01927A6E71}.Ad-Hoc|iPhone.Build.0 = Debug|Any CPU
		{5D11437D-DE51-485A-AB38-1D01927A6E71}.Ad-Hoc|iPhoneSimulator.ActiveCfg = Debug|Any CPU
		{5D11437D-DE51-485A-AB38-1D01927A6E71}.Ad-Hoc|iPhoneSimulator.Build.0 = Debug|Any CPU
		{5D11437D-DE51-485A-AB38-1D01927A6E71}.Ad-Hoc|x64.ActiveCfg = Debug|Any CPU
		{5D11437D-DE51-485A-AB38-1D01927A6E71}.Ad-Hoc|x64.Build.0 = Debug|Any CPU
		{5D11437D-DE51-485A-AB38-1D01927A6E71}.Ad-Hoc|x86.ActiveCfg = Debug|Any CPU
		{5D11437D-DE51-485A-AB38-1D01927A6E71}.Ad-Hoc|x86.Build.0 = Debug|Any CPU
		{5D11437D-DE51-485A-AB38-1D01927A6E71}.AppStore|Any CPU.ActiveCfg = Debug|Any CPU
		{5D11437D-DE51-485A-AB38-1D01927A6E71}.AppStore|Any CPU.Build.0 = Debug|Any CPU
		{5D11437D-DE51-485A-AB38-1D01927A6E71}.AppStore|ARM.ActiveCfg = Debug|Any CPU
		{5D11437D-DE51-485A-AB38-1D01927A6E71}.AppStore|ARM.Build.0 = Debug|Any CPU
		{5D11437D-DE51-485A-AB38-1D01927A6E71}.AppStore|ARM64.ActiveCfg = Debug|Any CPU
		{5D11437D-DE51-485A-AB38-1D01927A6E71}.AppStore|ARM64.Build.0 = Debug|Any CPU
		{5D11437D-DE51-485A-AB38-1D01927A6E71}.AppStore|iPhone.ActiveCfg = Debug|Any CPU
		{5D11437D-DE51-485A-AB38-1D01927A6E71}.AppStore|iPhone.Build.0 = Debug|Any CPU
		{5D11437D-DE51-485A-AB38-1D01927A6E71}.AppStore|iPhoneSimulator.ActiveCfg = Debug|Any CPU
		{5D11437D-DE51-485A-AB38-1D01927A6E71}.AppStore|iPhoneSimulator.Build.0 = Debug|Any CPU
		{5D11437D-DE51-485A-AB38-1D01927A6E71}.AppStore|x64.ActiveCfg = Debug|Any CPU
		{5D11437D-DE51-485A-AB38-1D01927A6E71}.AppStore|x64.Build.0 = Debug|Any CPU
		{5D11437D-DE51-485A-AB38-1D01927A6E71}.AppStore|x86.ActiveCfg = Debug|Any CPU
		{5D11437D-DE51-485A-AB38-1D01927A6E71}.AppStore|x86.Build.0 = Debug|Any CPU
		{5D11437D-DE51-485A-AB38-1D01927A6E71}.Debug|Any CPU.ActiveCfg = Debug|Any CPU
		{5D11437D-DE51-485A-AB38-1D01927A6E71}.Debug|Any CPU.Build.0 = Debug|Any CPU
		{5D11437D-DE51-485A-AB38-1D01927A6E71}.Debug|ARM.ActiveCfg = Debug|Any CPU
		{5D11437D-DE51-485A-AB38-1D01927A6E71}.Debug|ARM.Build.0 = Debug|Any CPU
		{5D11437D-DE51-485A-AB38-1D01927A6E71}.Debug|ARM64.ActiveCfg = Debug|Any CPU
		{5D11437D-DE51-485A-AB38-1D01927A6E71}.Debug|ARM64.Build.0 = Debug|Any CPU
		{5D11437D-DE51-485A-AB38-1D01927A6E71}.Debug|iPhone.ActiveCfg = Debug|Any CPU
		{5D11437D-DE51-485A-AB38-1D01927A6E71}.Debug|iPhone.Build.0 = Debug|Any CPU
		{5D11437D-DE51-485A-AB38-1D01927A6E71}.Debug|iPhoneSimulator.ActiveCfg = Debug|Any CPU
		{5D11437D-DE51-485A-AB38-1D01927A6E71}.Debug|iPhoneSimulator.Build.0 = Debug|Any CPU
		{5D11437D-DE51-485A-AB38-1D01927A6E71}.Debug|x64.ActiveCfg = Debug|Any CPU
		{5D11437D-DE51-485A-AB38-1D01927A6E71}.Debug|x64.Build.0 = Debug|Any CPU
		{5D11437D-DE51-485A-AB38-1D01927A6E71}.Debug|x86.ActiveCfg = Debug|Any CPU
		{5D11437D-DE51-485A-AB38-1D01927A6E71}.Debug|x86.Build.0 = Debug|Any CPU
		{5D11437D-DE51-485A-AB38-1D01927A6E71}.Release|Any CPU.ActiveCfg = Release|Any CPU
		{5D11437D-DE51-485A-AB38-1D01927A6E71}.Release|Any CPU.Build.0 = Release|Any CPU
		{5D11437D-DE51-485A-AB38-1D01927A6E71}.Release|ARM.ActiveCfg = Release|Any CPU
		{5D11437D-DE51-485A-AB38-1D01927A6E71}.Release|ARM.Build.0 = Release|Any CPU
		{5D11437D-DE51-485A-AB38-1D01927A6E71}.Release|ARM64.ActiveCfg = Release|Any CPU
		{5D11437D-DE51-485A-AB38-1D01927A6E71}.Release|ARM64.Build.0 = Release|Any CPU
		{5D11437D-DE51-485A-AB38-1D01927A6E71}.Release|iPhone.ActiveCfg = Release|Any CPU
		{5D11437D-DE51-485A-AB38-1D01927A6E71}.Release|iPhone.Build.0 = Release|Any CPU
		{5D11437D-DE51-485A-AB38-1D01927A6E71}.Release|iPhoneSimulator.ActiveCfg = Release|Any CPU
		{5D11437D-DE51-485A-AB38-1D01927A6E71}.Release|iPhoneSimulator.Build.0 = Release|Any CPU
		{5D11437D-DE51-485A-AB38-1D01927A6E71}.Release|x64.ActiveCfg = Release|Any CPU
		{5D11437D-DE51-485A-AB38-1D01927A6E71}.Release|x64.Build.0 = Release|Any CPU
		{5D11437D-DE51-485A-AB38-1D01927A6E71}.Release|x86.ActiveCfg = Release|Any CPU
		{5D11437D-DE51-485A-AB38-1D01927A6E71}.Release|x86.Build.0 = Release|Any CPU
		{C365883C-17E2-4630-AB8A-594B07A18E8E}.Ad-Hoc|Any CPU.ActiveCfg = Debug|Any CPU
		{C365883C-17E2-4630-AB8A-594B07A18E8E}.Ad-Hoc|Any CPU.Build.0 = Debug|Any CPU
		{C365883C-17E2-4630-AB8A-594B07A18E8E}.Ad-Hoc|ARM.ActiveCfg = Debug|Any CPU
		{C365883C-17E2-4630-AB8A-594B07A18E8E}.Ad-Hoc|ARM.Build.0 = Debug|Any CPU
		{C365883C-17E2-4630-AB8A-594B07A18E8E}.Ad-Hoc|ARM64.ActiveCfg = Debug|Any CPU
		{C365883C-17E2-4630-AB8A-594B07A18E8E}.Ad-Hoc|ARM64.Build.0 = Debug|Any CPU
		{C365883C-17E2-4630-AB8A-594B07A18E8E}.Ad-Hoc|iPhone.ActiveCfg = Debug|Any CPU
		{C365883C-17E2-4630-AB8A-594B07A18E8E}.Ad-Hoc|iPhone.Build.0 = Debug|Any CPU
		{C365883C-17E2-4630-AB8A-594B07A18E8E}.Ad-Hoc|iPhoneSimulator.ActiveCfg = Debug|Any CPU
		{C365883C-17E2-4630-AB8A-594B07A18E8E}.Ad-Hoc|iPhoneSimulator.Build.0 = Debug|Any CPU
		{C365883C-17E2-4630-AB8A-594B07A18E8E}.Ad-Hoc|x64.ActiveCfg = Debug|Any CPU
		{C365883C-17E2-4630-AB8A-594B07A18E8E}.Ad-Hoc|x64.Build.0 = Debug|Any CPU
		{C365883C-17E2-4630-AB8A-594B07A18E8E}.Ad-Hoc|x86.ActiveCfg = Debug|Any CPU
		{C365883C-17E2-4630-AB8A-594B07A18E8E}.Ad-Hoc|x86.Build.0 = Debug|Any CPU
		{C365883C-17E2-4630-AB8A-594B07A18E8E}.AppStore|Any CPU.ActiveCfg = Debug|Any CPU
		{C365883C-17E2-4630-AB8A-594B07A18E8E}.AppStore|Any CPU.Build.0 = Debug|Any CPU
		{C365883C-17E2-4630-AB8A-594B07A18E8E}.AppStore|ARM.ActiveCfg = Debug|Any CPU
		{C365883C-17E2-4630-AB8A-594B07A18E8E}.AppStore|ARM.Build.0 = Debug|Any CPU
		{C365883C-17E2-4630-AB8A-594B07A18E8E}.AppStore|ARM64.ActiveCfg = Debug|Any CPU
		{C365883C-17E2-4630-AB8A-594B07A18E8E}.AppStore|ARM64.Build.0 = Debug|Any CPU
		{C365883C-17E2-4630-AB8A-594B07A18E8E}.AppStore|iPhone.ActiveCfg = Debug|Any CPU
		{C365883C-17E2-4630-AB8A-594B07A18E8E}.AppStore|iPhone.Build.0 = Debug|Any CPU
		{C365883C-17E2-4630-AB8A-594B07A18E8E}.AppStore|iPhoneSimulator.ActiveCfg = Debug|Any CPU
		{C365883C-17E2-4630-AB8A-594B07A18E8E}.AppStore|iPhoneSimulator.Build.0 = Debug|Any CPU
		{C365883C-17E2-4630-AB8A-594B07A18E8E}.AppStore|x64.ActiveCfg = Debug|Any CPU
		{C365883C-17E2-4630-AB8A-594B07A18E8E}.AppStore|x64.Build.0 = Debug|Any CPU
		{C365883C-17E2-4630-AB8A-594B07A18E8E}.AppStore|x86.ActiveCfg = Debug|Any CPU
		{C365883C-17E2-4630-AB8A-594B07A18E8E}.AppStore|x86.Build.0 = Debug|Any CPU
		{C365883C-17E2-4630-AB8A-594B07A18E8E}.Debug|Any CPU.ActiveCfg = Debug|Any CPU
		{C365883C-17E2-4630-AB8A-594B07A18E8E}.Debug|Any CPU.Build.0 = Debug|Any CPU
		{C365883C-17E2-4630-AB8A-594B07A18E8E}.Debug|ARM.ActiveCfg = Debug|Any CPU
		{C365883C-17E2-4630-AB8A-594B07A18E8E}.Debug|ARM.Build.0 = Debug|Any CPU
		{C365883C-17E2-4630-AB8A-594B07A18E8E}.Debug|ARM64.ActiveCfg = Debug|Any CPU
		{C365883C-17E2-4630-AB8A-594B07A18E8E}.Debug|ARM64.Build.0 = Debug|Any CPU
		{C365883C-17E2-4630-AB8A-594B07A18E8E}.Debug|iPhone.ActiveCfg = Debug|Any CPU
		{C365883C-17E2-4630-AB8A-594B07A18E8E}.Debug|iPhone.Build.0 = Debug|Any CPU
		{C365883C-17E2-4630-AB8A-594B07A18E8E}.Debug|iPhoneSimulator.ActiveCfg = Debug|Any CPU
		{C365883C-17E2-4630-AB8A-594B07A18E8E}.Debug|iPhoneSimulator.Build.0 = Debug|Any CPU
		{C365883C-17E2-4630-AB8A-594B07A18E8E}.Debug|x64.ActiveCfg = Debug|Any CPU
		{C365883C-17E2-4630-AB8A-594B07A18E8E}.Debug|x64.Build.0 = Debug|Any CPU
		{C365883C-17E2-4630-AB8A-594B07A18E8E}.Debug|x86.ActiveCfg = Debug|Any CPU
		{C365883C-17E2-4630-AB8A-594B07A18E8E}.Debug|x86.Build.0 = Debug|Any CPU
		{C365883C-17E2-4630-AB8A-594B07A18E8E}.Release|Any CPU.ActiveCfg = Release|Any CPU
		{C365883C-17E2-4630-AB8A-594B07A18E8E}.Release|Any CPU.Build.0 = Release|Any CPU
		{C365883C-17E2-4630-AB8A-594B07A18E8E}.Release|ARM.ActiveCfg = Release|Any CPU
		{C365883C-17E2-4630-AB8A-594B07A18E8E}.Release|ARM.Build.0 = Release|Any CPU
		{C365883C-17E2-4630-AB8A-594B07A18E8E}.Release|ARM64.ActiveCfg = Release|Any CPU
		{C365883C-17E2-4630-AB8A-594B07A18E8E}.Release|ARM64.Build.0 = Release|Any CPU
		{C365883C-17E2-4630-AB8A-594B07A18E8E}.Release|iPhone.ActiveCfg = Release|Any CPU
		{C365883C-17E2-4630-AB8A-594B07A18E8E}.Release|iPhone.Build.0 = Release|Any CPU
		{C365883C-17E2-4630-AB8A-594B07A18E8E}.Release|iPhoneSimulator.ActiveCfg = Release|Any CPU
		{C365883C-17E2-4630-AB8A-594B07A18E8E}.Release|iPhoneSimulator.Build.0 = Release|Any CPU
		{C365883C-17E2-4630-AB8A-594B07A18E8E}.Release|x64.ActiveCfg = Release|Any CPU
		{C365883C-17E2-4630-AB8A-594B07A18E8E}.Release|x64.Build.0 = Release|Any CPU
		{C365883C-17E2-4630-AB8A-594B07A18E8E}.Release|x86.ActiveCfg = Release|Any CPU
		{C365883C-17E2-4630-AB8A-594B07A18E8E}.Release|x86.Build.0 = Release|Any CPU
		{7DDB2FDF-E3E2-4C46-90F2-D46E59B8688E}.Ad-Hoc|Any CPU.ActiveCfg = Debug|Any CPU
		{7DDB2FDF-E3E2-4C46-90F2-D46E59B8688E}.Ad-Hoc|Any CPU.Build.0 = Debug|Any CPU
		{7DDB2FDF-E3E2-4C46-90F2-D46E59B8688E}.Ad-Hoc|ARM.ActiveCfg = Debug|Any CPU
		{7DDB2FDF-E3E2-4C46-90F2-D46E59B8688E}.Ad-Hoc|ARM.Build.0 = Debug|Any CPU
		{7DDB2FDF-E3E2-4C46-90F2-D46E59B8688E}.Ad-Hoc|ARM64.ActiveCfg = Debug|Any CPU
		{7DDB2FDF-E3E2-4C46-90F2-D46E59B8688E}.Ad-Hoc|ARM64.Build.0 = Debug|Any CPU
		{7DDB2FDF-E3E2-4C46-90F2-D46E59B8688E}.Ad-Hoc|iPhone.ActiveCfg = Debug|Any CPU
		{7DDB2FDF-E3E2-4C46-90F2-D46E59B8688E}.Ad-Hoc|iPhone.Build.0 = Debug|Any CPU
		{7DDB2FDF-E3E2-4C46-90F2-D46E59B8688E}.Ad-Hoc|iPhoneSimulator.ActiveCfg = Debug|Any CPU
		{7DDB2FDF-E3E2-4C46-90F2-D46E59B8688E}.Ad-Hoc|iPhoneSimulator.Build.0 = Debug|Any CPU
		{7DDB2FDF-E3E2-4C46-90F2-D46E59B8688E}.Ad-Hoc|x64.ActiveCfg = Debug|Any CPU
		{7DDB2FDF-E3E2-4C46-90F2-D46E59B8688E}.Ad-Hoc|x64.Build.0 = Debug|Any CPU
		{7DDB2FDF-E3E2-4C46-90F2-D46E59B8688E}.Ad-Hoc|x86.ActiveCfg = Debug|Any CPU
		{7DDB2FDF-E3E2-4C46-90F2-D46E59B8688E}.Ad-Hoc|x86.Build.0 = Debug|Any CPU
		{7DDB2FDF-E3E2-4C46-90F2-D46E59B8688E}.AppStore|Any CPU.ActiveCfg = Debug|Any CPU
		{7DDB2FDF-E3E2-4C46-90F2-D46E59B8688E}.AppStore|Any CPU.Build.0 = Debug|Any CPU
		{7DDB2FDF-E3E2-4C46-90F2-D46E59B8688E}.AppStore|ARM.ActiveCfg = Debug|Any CPU
		{7DDB2FDF-E3E2-4C46-90F2-D46E59B8688E}.AppStore|ARM.Build.0 = Debug|Any CPU
		{7DDB2FDF-E3E2-4C46-90F2-D46E59B8688E}.AppStore|ARM64.ActiveCfg = Debug|Any CPU
		{7DDB2FDF-E3E2-4C46-90F2-D46E59B8688E}.AppStore|ARM64.Build.0 = Debug|Any CPU
		{7DDB2FDF-E3E2-4C46-90F2-D46E59B8688E}.AppStore|iPhone.ActiveCfg = Debug|Any CPU
		{7DDB2FDF-E3E2-4C46-90F2-D46E59B8688E}.AppStore|iPhone.Build.0 = Debug|Any CPU
		{7DDB2FDF-E3E2-4C46-90F2-D46E59B8688E}.AppStore|iPhoneSimulator.ActiveCfg = Debug|Any CPU
		{7DDB2FDF-E3E2-4C46-90F2-D46E59B8688E}.AppStore|iPhoneSimulator.Build.0 = Debug|Any CPU
		{7DDB2FDF-E3E2-4C46-90F2-D46E59B8688E}.AppStore|x64.ActiveCfg = Debug|Any CPU
		{7DDB2FDF-E3E2-4C46-90F2-D46E59B8688E}.AppStore|x64.Build.0 = Debug|Any CPU
		{7DDB2FDF-E3E2-4C46-90F2-D46E59B8688E}.AppStore|x86.ActiveCfg = Debug|Any CPU
		{7DDB2FDF-E3E2-4C46-90F2-D46E59B8688E}.AppStore|x86.Build.0 = Debug|Any CPU
		{7DDB2FDF-E3E2-4C46-90F2-D46E59B8688E}.Debug|Any CPU.ActiveCfg = Debug|Any CPU
		{7DDB2FDF-E3E2-4C46-90F2-D46E59B8688E}.Debug|Any CPU.Build.0 = Debug|Any CPU
		{7DDB2FDF-E3E2-4C46-90F2-D46E59B8688E}.Debug|ARM.ActiveCfg = Debug|Any CPU
		{7DDB2FDF-E3E2-4C46-90F2-D46E59B8688E}.Debug|ARM.Build.0 = Debug|Any CPU
		{7DDB2FDF-E3E2-4C46-90F2-D46E59B8688E}.Debug|ARM64.ActiveCfg = Debug|Any CPU
		{7DDB2FDF-E3E2-4C46-90F2-D46E59B8688E}.Debug|ARM64.Build.0 = Debug|Any CPU
		{7DDB2FDF-E3E2-4C46-90F2-D46E59B8688E}.Debug|iPhone.ActiveCfg = Debug|Any CPU
		{7DDB2FDF-E3E2-4C46-90F2-D46E59B8688E}.Debug|iPhone.Build.0 = Debug|Any CPU
		{7DDB2FDF-E3E2-4C46-90F2-D46E59B8688E}.Debug|iPhoneSimulator.ActiveCfg = Debug|Any CPU
		{7DDB2FDF-E3E2-4C46-90F2-D46E59B8688E}.Debug|iPhoneSimulator.Build.0 = Debug|Any CPU
		{7DDB2FDF-E3E2-4C46-90F2-D46E59B8688E}.Debug|x64.ActiveCfg = Debug|Any CPU
		{7DDB2FDF-E3E2-4C46-90F2-D46E59B8688E}.Debug|x64.Build.0 = Debug|Any CPU
		{7DDB2FDF-E3E2-4C46-90F2-D46E59B8688E}.Debug|x86.ActiveCfg = Debug|Any CPU
		{7DDB2FDF-E3E2-4C46-90F2-D46E59B8688E}.Debug|x86.Build.0 = Debug|Any CPU
		{7DDB2FDF-E3E2-4C46-90F2-D46E59B8688E}.Release|Any CPU.ActiveCfg = Release|Any CPU
		{7DDB2FDF-E3E2-4C46-90F2-D46E59B8688E}.Release|Any CPU.Build.0 = Release|Any CPU
		{7DDB2FDF-E3E2-4C46-90F2-D46E59B8688E}.Release|ARM.ActiveCfg = Release|Any CPU
		{7DDB2FDF-E3E2-4C46-90F2-D46E59B8688E}.Release|ARM.Build.0 = Release|Any CPU
		{7DDB2FDF-E3E2-4C46-90F2-D46E59B8688E}.Release|ARM64.ActiveCfg = Release|Any CPU
		{7DDB2FDF-E3E2-4C46-90F2-D46E59B8688E}.Release|ARM64.Build.0 = Release|Any CPU
		{7DDB2FDF-E3E2-4C46-90F2-D46E59B8688E}.Release|iPhone.ActiveCfg = Release|Any CPU
		{7DDB2FDF-E3E2-4C46-90F2-D46E59B8688E}.Release|iPhone.Build.0 = Release|Any CPU
		{7DDB2FDF-E3E2-4C46-90F2-D46E59B8688E}.Release|iPhoneSimulator.ActiveCfg = Release|Any CPU
		{7DDB2FDF-E3E2-4C46-90F2-D46E59B8688E}.Release|iPhoneSimulator.Build.0 = Release|Any CPU
		{7DDB2FDF-E3E2-4C46-90F2-D46E59B8688E}.Release|x64.ActiveCfg = Release|Any CPU
		{7DDB2FDF-E3E2-4C46-90F2-D46E59B8688E}.Release|x64.Build.0 = Release|Any CPU
		{7DDB2FDF-E3E2-4C46-90F2-D46E59B8688E}.Release|x86.ActiveCfg = Release|Any CPU
		{7DDB2FDF-E3E2-4C46-90F2-D46E59B8688E}.Release|x86.Build.0 = Release|Any CPU
	EndGlobalSection
	GlobalSection(SolutionProperties) = preSolution
		HideSolutionNode = FALSE
	EndGlobalSection
	GlobalSection(NestedProjects) = preSolution
		{15F60594-A0B1-4002-8738-5ECD40B541B6} = {08279488-ADCD-48A5-A0E5-E96ADDC8A437}
		{FC61B673-401F-448C-B834-C46E4BE036B7} = {08279488-ADCD-48A5-A0E5-E96ADDC8A437}
		{B10D690E-C4B8-43F5-BB14-17B88FBB4DF3} = {08279488-ADCD-48A5-A0E5-E96ADDC8A437}
		{524964D2-B404-40AE-858C-A5270BF351F5} = {08279488-ADCD-48A5-A0E5-E96ADDC8A437}
		{487606A6-7CAE-41FE-BF58-DF72918F1E4D} = {08279488-ADCD-48A5-A0E5-E96ADDC8A437}
		{1334DD38-6AF4-4094-AB8C-EB50C83A44E7} = {08279488-ADCD-48A5-A0E5-E96ADDC8A437}
		{5D11437D-DE51-485A-AB38-1D01927A6E71} = {08279488-ADCD-48A5-A0E5-E96ADDC8A437}
		{C365883C-17E2-4630-AB8A-594B07A18E8E} = {08279488-ADCD-48A5-A0E5-E96ADDC8A437}
		{7DDB2FDF-E3E2-4C46-90F2-D46E59B8688E} = {08279488-ADCD-48A5-A0E5-E96ADDC8A437}
	EndGlobalSection
	GlobalSection(ExtensibilityGlobals) = postSolution
		SolutionGuid = {26E04A9F-542E-4079-BCD0-1A749511E938}
	EndGlobalSection
EndGlobal
